// !$*UTF8*$!
{
	archiveVersion = 1;
	classes = {
	};
	objectVersion = 48;
	objects = {

/* Begin PBXBuildFile section */
		BBB7F86E1FDF245400C0B00E /* main.cpp in Sources */ = {isa = PBXBuildFile; fileRef = BBB7F86D1FDF245400C0B00E /* main.cpp */; };
		BBE6E9801FB16B0000F6554F /* a6_1.cpp in Sources */ = {isa = PBXBuildFile; fileRef = BBE6E97F1FB16B0000F6554F /* a6_1.cpp */; };
/* End PBXBuildFile section */

/* Begin PBXCopyFilesBuildPhase section */
		BBB7F8691FDF245400C0B00E /* CopyFiles */ = {
			isa = PBXCopyFilesBuildPhase;
			buildActionMask = 2147483647;
			dstPath = /usr/share/man/man1/;
			dstSubfolderSpec = 0;
			files = (
			);
			runOnlyForDeploymentPostprocessing = 1;
		};
		BBE6E97A1FB16B0000F6554F /* CopyFiles */ = {
			isa = PBXCopyFilesBuildPhase;
			buildActionMask = 2147483647;
			dstPath = /usr/share/man/man1/;
			dstSubfolderSpec = 0;
			files = (
			);
			runOnlyForDeploymentPostprocessing = 1;
		};
/* End PBXCopyFilesBuildPhase section */

/* Begin PBXFileReference section */
		BBB7F86B1FDF245400C0B00E /* Final_C++_2A */ = {isa = PBXFileReference; explicitFileType = "compiled.mach-o.executable"; includeInIndex = 0; path = "Final_C++_2A"; sourceTree = BUILT_PRODUCTS_DIR; };
		BBB7F86D1FDF245400C0B00E /* main.cpp */ = {isa = PBXFileReference; lastKnownFileType = sourcecode.cpp.cpp; path = main.cpp; sourceTree = "<group>"; };
		BBE6E97C1FB16B0000F6554F /* assignment_6.1 */ = {isa = PBXFileReference; explicitFileType = "compiled.mach-o.executable"; includeInIndex = 0; path = assignment_6.1; sourceTree = BUILT_PRODUCTS_DIR; };
		BBE6E97F1FB16B0000F6554F /* a6_1.cpp */ = {isa = PBXFileReference; lastKnownFileType = sourcecode.cpp.cpp; path = a6_1.cpp; sourceTree = "<group>"; };
/* End PBXFileReference section */

/* Begin PBXFrameworksBuildPhase section */
		BBB7F8681FDF245400C0B00E /* Frameworks */ = {
			isa = PBXFrameworksBuildPhase;
			buildActionMask = 2147483647;
			files = (
			);
			runOnlyForDeploymentPostprocessing = 0;
		};
		BBE6E9791FB16B0000F6554F /* Frameworks */ = {
			isa = PBXFrameworksBuildPhase;
			buildActionMask = 2147483647;
			files = (
			);
			runOnlyForDeploymentPostprocessing = 0;
		};
/* End PBXFrameworksBuildPhase section */

/* Begin PBXGroup section */
		BBB7F86C1FDF245400C0B00E /* Final_C++_2A */ = {
			isa = PBXGroup;
			children = (
				BBB7F86D1FDF245400C0B00E /* main.cpp */,
			);
			path = "Final_C++_2A";
			sourceTree = "<group>";
		};
		BBE6E9731FB16B0000F6554F = {
			isa = PBXGroup;
			children = (
				BBE6E97E1FB16B0000F6554F /* assignment_6.1 */,
				BBB7F86C1FDF245400C0B00E /* Final_C++_2A */,
				BBE6E97D1FB16B0000F6554F /* Products */,
			);
			sourceTree = "<group>";
		};
		BBE6E97D1FB16B0000F6554F /* Products */ = {
			isa = PBXGroup;
			children = (
				BBE6E97C1FB16B0000F6554F /* assignment_6.1 */,
				BBB7F86B1FDF245400C0B00E /* Final_C++_2A */,
			);
			name = Products;
			sourceTree = "<group>";
		};
		BBE6E97E1FB16B0000F6554F /* assignment_6.1 */ = {
			isa = PBXGroup;
			children = (
				BBE6E97F1FB16B0000F6554F /* a6_1.cpp */,
			);
			path = assignment_6.1;
			sourceTree = "<group>";
		};
/* End PBXGroup section */

/* Begin PBXNativeTarget section */
		BBB7F86A1FDF245400C0B00E /* Final_C++_2A */ = {
			isa = PBXNativeTarget;
			buildConfigurationList = BBB7F8711FDF245400C0B00E /* Build configuration list for PBXNativeTarget "Final_C++_2A" */;
			buildPhases = (
				BBB7F8671FDF245400C0B00E /* Sources */,
				BBB7F8681FDF245400C0B00E /* Frameworks */,
				BBB7F8691FDF245400C0B00E /* CopyFiles */,
			);
			buildRules = (
			);
			dependencies = (
			);
			name = "Final_C++_2A";
			productName = "Final_C++_2A";
			productReference = BBB7F86B1FDF245400C0B00E /* Final_C++_2A */;
			productType = "com.apple.product-type.tool";
		};
		BBE6E97B1FB16B0000F6554F /* assignment_6.1 */ = {
			isa = PBXNativeTarget;
			buildConfigurationList = BBE6E9831FB16B0000F6554F /* Build configuration list for PBXNativeTarget "assignment_6.1" */;
			buildPhases = (
				BBE6E9781FB16B0000F6554F /* Sources */,
				BBE6E9791FB16B0000F6554F /* Frameworks */,
				BBE6E97A1FB16B0000F6554F /* CopyFiles */,
			);
			buildRules = (
			);
			dependencies = (
			);
			name = assignment_6.1;
			productName = assignment_6.1;
			productReference = BBE6E97C1FB16B0000F6554F /* assignment_6.1 */;
			productType = "com.apple.product-type.tool";
		};
/* End PBXNativeTarget section */

/* Begin PBXProject section */
		BBE6E9741FB16B0000F6554F /* Project object */ = {
			isa = PBXProject;
			attributes = {
				LastUpgradeCheck = 0900;
				ORGANIZATIONNAME = "Omer Katz";
				TargetAttributes = {
					BBB7F86A1FDF245400C0B00E = {
						CreatedOnToolsVersion = 9.2;
						ProvisioningStyle = Automatic;
					};
					BBE6E97B1FB16B0000F6554F = {
						CreatedOnToolsVersion = 9.0;
						ProvisioningStyle = Automatic;
					};
				};
			};
			buildConfigurationList = BBE6E9771FB16B0000F6554F /* Build configuration list for PBXProject "assignment_6.1" */;
			compatibilityVersion = "Xcode 8.0";
			developmentRegion = en;
			hasScannedForEncodings = 0;
			knownRegions = (
				en,
			);
			mainGroup = BBE6E9731FB16B0000F6554F;
			productRefGroup = BBE6E97D1FB16B0000F6554F /* Products */;
			projectDirPath = "";
			projectRoot = "";
			targets = (
				BBE6E97B1FB16B0000F6554F /* assignment_6.1 */,
				BBB7F86A1FDF245400C0B00E /* Final_C++_2A */,
			);
		};
/* End PBXProject section */

/* Begin PBXSourcesBuildPhase section */
		BBB7F8671FDF245400C0B00E /* Sources */ = {
			isa = PBXSourcesBuildPhase;
			buildActionMask = 2147483647;
			files = (
				BBB7F86E1FDF245400C0B00E /* main.cpp in Sources */,
			);
			runOnlyForDeploymentPostprocessing = 0;
		};
		BBE6E9781FB16B0000F6554F /* Sources */ = {
			isa = PBXSourcesBuildPhase;
			buildActionMask = 2147483647;
			files = (
				BBE6E9801FB16B0000F6554F /* a6_1.cpp in Sources */,
			);
			runOnlyForDeploymentPostprocessing = 0;
		};
/* End PBXSourcesBuildPhase section */

/* Begin XCBuildConfiguration section */
		BBB7F86F1FDF245400C0B00E /* Debug */ = {
			isa = XCBuildConfiguration;
			buildSettings = {
				CODE_SIGN_STYLE = Automatic;
				PRODUCT_NAME = "$(TARGET_NAME)";
			};
			name = Debug;
		};
		BBB7F8701FDF245400C0B00E /* Release */ = {
			isa = XCBuildConfiguration;
			buildSettings = {
				CODE_SIGN_STYLE = Automatic;
				PRODUCT_NAME = "$(TARGET_NAME)";
			};
			name = Release;
		};
		BBE6E9811FB16B0000F6554F /* Debug */ = {
			isa = XCBuildConfiguration;
			buildSettings = {
				ALWAYS_SEARCH_USER_PATHS = NO;
				CLANG_ANALYZER_NONNULL = YES;
				CLANG_ANALYZER_NUMBER_OBJECT_CONVERSION = YES_AGGRESSIVE;
				CLANG_CXX_LANGUAGE_STANDARD = "gnu++14";
				CLANG_CXX_LIBRARY = "libc++";
				CLANG_ENABLE_MODULES = YES;
				CLANG_ENABLE_OBJC_ARC = YES;
				CLANG_WARN_BLOCK_CAPTURE_AUTORELEASING = YES;
				CLANG_WARN_BOOL_CONVERSION = YES;
				CLANG_WARN_COMMA = YES;
				CLANG_WARN_CONSTANT_CONVERSION = YES;
				CLANG_WARN_DIRECT_OBJC_ISA_USAGE = YES_ERROR;
				CLANG_WARN_DOCUMENTATION_COMMENTS = YES;
				CLANG_WARN_EMPTY_BODY = YES;
				CLANG_WARN_ENUM_CONVERSION = YES;
				CLANG_WARN_INFINITE_RECURSION = YES;
				CLANG_WARN_INT_CONVERSION = YES;
				CLANG_WARN_NON_LITERAL_NULL_CONVERSION = YES;
				CLANG_WARN_OBJC_LITERAL_CONVERSION = YES;
				CLANG_WARN_OBJC_ROOT_CLASS = YES_ERROR;
				CLANG_WARN_RANGE_LOOP_ANALYSIS = YES;
				CLANG_WARN_STRICT_PROTOTYPES = YES;
				CLANG_WARN_SUSPICIOUS_MOVE = YES;
				CLANG_WARN_UNGUARDED_AVAILABILITY = YES_AGGRESSIVE;
				CLANG_WARN_UNREACHABLE_CODE = YES;
				CLANG_WARN__DUPLICATE_METHOD_MATCH = YES;
				CODE_SIGN_IDENTITY = "-";
				COPY_PHASE_STRIP = NO;
				DEBUG_INFORMATION_FORMAT = dwarf;
				ENABLE_STRICT_OBJC_MSGSEND = YES;
				ENABLE_TESTABILITY = YES;
				GCC_C_LANGUAGE_STANDARD = gnu11;
				GCC_DYNAMIC_NO_PIC = NO;
				GCC_NO_COMMON_BLOCKS = YES;
				GCC_OPTIMIZATION_LEVEL = 0;
				GCC_PREPROCESSOR_DEFINITIONS = (
					"DEBUG=1",
					"$(inherited)",
				);
				GCC_WARN_64_TO_32_BIT_CONVERSION = YES;
				GCC_WARN_ABOUT_RETURN_TYPE = YES_ERROR;
				GCC_WARN_UNDECLARED_SELECTOR = YES;
				GCC_WARN_UNINITIALIZED_AUTOS = YES_AGGRESSIVE;
				GCC_WARN_UNUSED_FUNCTION = YES;
				GCC_WARN_UNUSED_VARIABLE = YES;
				MACOSX_DEPLOYMENT_TARGET = 10.12;
				MTL_ENABLE_DEBUG_INFO = YES;
				ONLY_ACTIVE_ARCH = YES;
				SDKROOT = macosx;
			};
			name = Debug;
		};
		BBE6E9821FB16B0000F6554F /* Release */ = {
			isa = XCBuildConfiguration;
			buildSettings = {
				ALWAYS_SEARCH_USER_PATHS = NO;
				CLANG_ANALYZER_NONNULL = YES;
				CLANG_ANALYZER_NUMBER_OBJECT_CONVERSION = YES_AGGRESSIVE;
				CLANG_CXX_LANGUAGE_STANDARD = "gnu++14";
				CLANG_CXX_LIBRARY = "libc++";
				CLANG_ENABLE_MODULES = YES;
				CLANG_ENABLE_OBJC_ARC = YES;
				CLANG_WARN_BLOCK_CAPTURE_AUTORELEASING = YES;
				CLANG_WARN_BOOL_CONVERSION = YES;
				CLANG_WARN_COMMA = YES;
				CLANG_WARN_CONSTANT_CONVERSION = YES;
				CLANG_WARN_DIRECT_OBJC_ISA_USAGE = YES_ERROR;
				CLANG_WARN_DOCUMENTATION_COMMENTS = YES;
				CLANG_WARN_EMPTY_BODY = YES;
				CLANG_WARN_ENUM_CONVERSION = YES;
				CLANG_WARN_INFINITE_RECURSION = YES;
				CLANG_WARN_INT_CONVERSION = YES;
				CLANG_WARN_NON_LITERAL_NULL_CONVERSION = YES;
				CLANG_WARN_OBJC_LITERAL_CONVERSION = YES;
				CLANG_WARN_OBJC_ROOT_CLASS = YES_ERROR;
				CLANG_WARN_RANGE_LOOP_ANALYSIS = YES;
				CLANG_WARN_STRICT_PROTOTYPES = YES;
				CLANG_WARN_SUSPICIOUS_MOVE = YES;
				CLANG_WARN_UNGUARDED_AVAILABILITY = YES_AGGRESSIVE;
				CLANG_WARN_UNREACHABLE_CODE = YES;
				CLANG_WARN__DUPLICATE_METHOD_MATCH = YES;
				CODE_SIGN_IDENTITY = "-";
				COPY_PHASE_STRIP = NO;
				DEBUG_INFORMATION_FORMAT = "dwarf-with-dsym";
				ENABLE_NS_ASSERTIONS = NO;
				ENABLE_STRICT_OBJC_MSGSEND = YES;
				GCC_C_LANGUAGE_STANDARD = gnu11;
				GCC_NO_COMMON_BLOCKS = YES;
				GCC_WARN_64_TO_32_BIT_CONVERSION = YES;
				GCC_WARN_ABOUT_RETURN_TYPE = YES_ERROR;
				GCC_WARN_UNDECLARED_SELECTOR = YES;
				GCC_WARN_UNINITIALIZED_AUTOS = YES_AGGRESSIVE;
				GCC_WARN_UNUSED_FUNCTION = YES;
				GCC_WARN_UNUSED_VARIABLE = YES;
				MACOSX_DEPLOYMENT_TARGET = 10.12;
				MTL_ENABLE_DEBUG_INFO = NO;
				SDKROOT = macosx;
			};
			name = Release;
		};
		BBE6E9841FB16B0000F6554F /* Debug */ = {
			isa = XCBuildConfiguration;
			buildSettings = {
				CODE_SIGN_STYLE = Automatic;
				PRODUCT_NAME = "$(TARGET_NAME)";
			};
			name = Debug;
		};
		BBE6E9851FB16B0000F6554F /* Release */ = {
			isa = XCBuildConfiguration;
			buildSettings = {
				CODE_SIGN_STYLE = Automatic;
				PRODUCT_NAME = "$(TARGET_NAME)";
			};
			name = Release;
		};
/* End XCBuildConfiguration section */

/* Begin XCConfigurationList section */
		BBB7F8711FDF245400C0B00E /* Build configuration list for PBXNativeTarget "Final_C++_2A" */ = {
			isa = XCConfigurationList;
			buildConfigurations = (
				BBB7F86F1FDF245400C0B00E /* Debug */,
				BBB7F8701FDF245400C0B00E /* Release */,
			);
			defaultConfigurationIsVisible = 0;
			defaultConfigurationName = Release;
		};
		BBE6E9771FB16B0000F6554F /* Build configuration list for PBXProject "assignment_6.1" */ = {
			isa = XCConfigurationList;
			buildConfigurations = (
				BBE6E9811FB16B0000F6554F /* Debug */,
				BBE6E9821FB16B0000F6554F /* Release */,
			);
			defaultConfigurationIsVisible = 0;
			defaultConfigurationName = Release;
		};
		BBE6E9831FB16B0000F6554F /* Build configuration list for PBXNativeTarget "assignment_6.1" */ = {
			isa = XCConfigurationList;
			buildConfigurations = (
				BBE6E9841FB16B0000F6554F /* Debug */,
				BBE6E9851FB16B0000F6554F /* Release */,
			);
			defaultConfigurationIsVisible = 0;
			defaultConfigurationName = Release;
		};
/* End XCConfigurationList section */
	};
	rootObject = BBE6E9741FB16B0000F6554F /* Project object */;
}
